
Microsoft Visual Studio Solution File, Format Version 12.00
# Visual Studio Version 17
VisualStudioVersion = 17.5.33516.290
MinimumVisualStudioVersion = 10.0.40219.1
Project("{9A19103F-16F7-4668-BE54-9A1E7A4F7556}") = "02. Destination Mapper", "02. Destination Mapper\02. Destination Mapper.csproj", "{2790AA3C-44DA-484C-A385-1A6F117E9343}"
EndProject
Project("{9A19103F-16F7-4668-BE54-9A1E7A4F7556}") = "03. Plant Discovery", "03. Plant Discovery\03. Plant Discovery.csproj", "{35312B15-CB63-4AA4-8484-97367FDB1FC2}"
EndProject
Global
	GlobalSection(SolutionConfigurationPlatforms) = preSolution
		Debug|Any CPU = Debug|Any CPU
		Release|Any CPU = Release|Any CPU
	EndGlobalSection
	GlobalSection(ProjectConfigurationPlatforms) = postSolution
		{2790AA3C-44DA-484C-A385-1A6F117E9343}.Debug|Any CPU.ActiveCfg = Debug|Any CPU
		{2790AA3C-44DA-484C-A385-1A6F117E9343}.Debug|Any CPU.Build.0 = Debug|Any CPU
		{2790AA3C-44DA-484C-A385-1A6F117E9343}.Release|Any CPU.ActiveCfg = Release|Any CPU
		{2790AA3C-44DA-484C-A385-1A6F117E9343}.Release|Any CPU.Build.0 = Release|Any CPU
		{35312B15-CB63-4AA4-8484-97367FDB1FC2}.Debug|Any CPU.ActiveCfg = Debug|Any CPU
		{35312B15-CB63-4AA4-8484-97367FDB1FC2}.Debug|Any CPU.Build.0 = Debug|Any CPU
		{35312B15-CB63-4AA4-8484-97367FDB1FC2}.Release|Any CPU.ActiveCfg = Release|Any CPU
		{35312B15-CB63-4AA4-8484-97367FDB1FC2}.Release|Any CPU.Build.0 = Release|Any CPU
	EndGlobalSection
	GlobalSection(SolutionProperties) = preSolution
		HideSolutionNode = FALSE
	EndGlobalSection
	GlobalSection(ExtensibilityGlobals) = postSolution
		SolutionGuid = {A0FF5C45-E067-40F4-995A-2B67F70C1469}
	EndGlobalSection
EndGlobal
