
Microsoft Visual Studio Solution File, Format Version 12.00
# Visual Studio Version 17
VisualStudioVersion = 17.5.33516.290
MinimumVisualStudioVersion = 10.0.40219.1
Project("{9A19103F-16F7-4668-BE54-9A1E7A4F7556}") = "01. The Imitation Game", "01. The Imitation Game\01. The Imitation Game.csproj", "{9E53B693-F6DE-4FD1-AD49-035E13378DC1}"
EndProject
Global
	GlobalSection(SolutionConfigurationPlatforms) = preSolution
		Debug|Any CPU = Debug|Any CPU
		Release|Any CPU = Release|Any CPU
	EndGlobalSection
	GlobalSection(ProjectConfigurationPlatforms) = postSolution
		{9E53B693-F6DE-4FD1-AD49-035E13378DC1}.Debug|Any CPU.ActiveCfg = Debug|Any CPU
		{9E53B693-F6DE-4FD1-AD49-035E13378DC1}.Debug|Any CPU.Build.0 = Debug|Any CPU
		{9E53B693-F6DE-4FD1-AD49-035E13378DC1}.Release|Any CPU.ActiveCfg = Release|Any CPU
		{9E53B693-F6DE-4FD1-AD49-035E13378DC1}.Release|Any CPU.Build.0 = Release|Any CPU
	EndGlobalSection
	GlobalSection(SolutionProperties) = preSolution
		HideSolutionNode = FALSE
	EndGlobalSection
	GlobalSection(ExtensibilityGlobals) = postSolution
		SolutionGuid = {DE86AFBE-EF4A-413A-A7A2-41D15B5565CD}
	EndGlobalSection
EndGlobal
