
Microsoft Visual Studio Solution File, Format Version 12.00
# Visual Studio Version 16
VisualStudioVersion = 16.0.32106.194
MinimumVisualStudioVersion = 10.0.40219.1
Project("{FAE04EC0-301F-11D3-BF4B-00C04F79EFBC}") = "03. Heroes of Code and Logic VII", "03. Heroes of Code and Logic VII\03. Heroes of Code and Logic VII.csproj", "{AC8C9789-2B09-46E7-9F0F-94B7E12E4D10}"
EndProject
Global
	GlobalSection(SolutionConfigurationPlatforms) = preSolution
		Debug|Any CPU = Debug|Any CPU
		Release|Any CPU = Release|Any CPU
	EndGlobalSection
	GlobalSection(ProjectConfigurationPlatforms) = postSolution
		{AC8C9789-2B09-46E7-9F0F-94B7E12E4D10}.Debug|Any CPU.ActiveCfg = Debug|Any CPU
		{AC8C9789-2B09-46E7-9F0F-94B7E12E4D10}.Debug|Any CPU.Build.0 = Debug|Any CPU
		{AC8C9789-2B09-46E7-9F0F-94B7E12E4D10}.Release|Any CPU.ActiveCfg = Release|Any CPU
		{AC8C9789-2B09-46E7-9F0F-94B7E12E4D10}.Release|Any CPU.Build.0 = Release|Any CPU
	EndGlobalSection
	GlobalSection(SolutionProperties) = preSolution
		HideSolutionNode = FALSE
	EndGlobalSection
	GlobalSection(ExtensibilityGlobals) = postSolution
		SolutionGuid = {D37919C4-7E20-4875-918C-3AB4195397BB}
	EndGlobalSection
EndGlobal
